
Microsoft Visual Studio Solution File, Format Version 12.00
# Visual Studio Version 17
VisualStudioVersion = 17.1.32210.238
MinimumVisualStudioVersion = 10.0.40219.1
Project("{FAE04EC0-301F-11D3-BF4B-00C04F79EFBC}") = "CpuBound", "CpuBound\CpuBound.csproj", "{E9534E8D-3C54-4186-8046-B283FEB8C992}"
EndProject
Project("{FAE04EC0-301F-11D3-BF4B-00C04F79EFBC}") = "IOBound", "IOBound\IOBound.csproj", "{DC47A096-BEF6-477F-BBF7-AE804BA6E88D}"
EndProject
Global
	GlobalSection(SolutionConfigurationPlatforms) = preSolution
		Debug|Any CPU = Debug|Any CPU
		Release|Any CPU = Release|Any CPU
	EndGlobalSection
	GlobalSection(ProjectConfigurationPlatforms) = postSolution
		{E9534E8D-3C54-4186-8046-B283FEB8C992}.Debug|Any CPU.ActiveCfg = Debug|Any CPU
		{E9534E8D-3C54-4186-8046-B283FEB8C992}.Debug|Any CPU.Build.0 = Debug|Any CPU
		{E9534E8D-3C54-4186-8046-B283FEB8C992}.Release|Any CPU.ActiveCfg = Release|Any CPU
		{E9534E8D-3C54-4186-8046-B283FEB8C992}.Release|Any CPU.Build.0 = Release|Any CPU
		{DC47A096-BEF6-477F-BBF7-AE804BA6E88D}.Debug|Any CPU.ActiveCfg = Debug|Any CPU
		{DC47A096-BEF6-477F-BBF7-AE804BA6E88D}.Debug|Any CPU.Build.0 = Debug|Any CPU
		{DC47A096-BEF6-477F-BBF7-AE804BA6E88D}.Release|Any CPU.ActiveCfg = Release|Any CPU
		{DC47A096-BEF6-477F-BBF7-AE804BA6E88D}.Release|Any CPU.Build.0 = Release|Any CPU
	EndGlobalSection
	GlobalSection(SolutionProperties) = preSolution
		HideSolutionNode = FALSE
	EndGlobalSection
	GlobalSection(ExtensibilityGlobals) = postSolution
		SolutionGuid = {EB4A9E44-AFB1-4D27-949D-C225BC486A70}
	EndGlobalSection
EndGlobal
